// !$*UTF8*$!
{
	archiveVersion = 1;
	classes = {
	};
	objectVersion = 50;
	objects = {

/* Begin PBXBuildFile section */
		1244FF02228F3E5F00A69988 /* Mesure.swift in Sources */ = {isa = PBXBuildFile; fileRef = 1244FF01228F3E5F00A69988 /* Mesure.swift */; };
		7131264C22676750001FE891 /* AppDelegate.swift in Sources */ = {isa = PBXBuildFile; fileRef = 7131264B22676750001FE891 /* AppDelegate.swift */; };
		7131264E22676750001FE891 /* ViewController.swift in Sources */ = {isa = PBXBuildFile; fileRef = 7131264D22676750001FE891 /* ViewController.swift */; };
		7131265122676750001FE891 /* Main.storyboard in Resources */ = {isa = PBXBuildFile; fileRef = 7131264F22676750001FE891 /* Main.storyboard */; };
		7131265322676752001FE891 /* Assets.xcassets in Resources */ = {isa = PBXBuildFile; fileRef = 7131265222676752001FE891 /* Assets.xcassets */; };
		7131265622676752001FE891 /* LaunchScreen.storyboard in Resources */ = {isa = PBXBuildFile; fileRef = 7131265422676752001FE891 /* LaunchScreen.storyboard */; };
		714FDC5C2267855C001A3CBF /* MergeSort.swift in Sources */ = {isa = PBXBuildFile; fileRef = 714FDC5B2267855C001A3CBF /* MergeSort.swift */; };
		719E8D88228EFBB200702685 /* MergingOperation.swift in Sources */ = {isa = PBXBuildFile; fileRef = 7131265F226767DC001FE891 /* MergingOperation.swift */; };
/* End PBXBuildFile section */

/* Begin PBXFileReference section */
		1244FF01228F3E5F00A69988 /* Mesure.swift */ = {isa = PBXFileReference; fileEncoding = 4; lastKnownFileType = sourcecode.swift; path = Mesure.swift; sourceTree = "<group>"; };
		7131264822676750001FE891 /* AsyncMergeSorting.app */ = {isa = PBXFileReference; explicitFileType = wrapper.application; includeInIndex = 0; path = AsyncMergeSorting.app; sourceTree = BUILT_PRODUCTS_DIR; };
		7131264B22676750001FE891 /* AppDelegate.swift */ = {isa = PBXFileReference; lastKnownFileType = sourcecode.swift; path = AppDelegate.swift; sourceTree = "<group>"; };
		7131264D22676750001FE891 /* ViewController.swift */ = {isa = PBXFileReference; lastKnownFileType = sourcecode.swift; path = ViewController.swift; sourceTree = "<group>"; };
		7131265022676750001FE891 /* Base */ = {isa = PBXFileReference; lastKnownFileType = file.storyboard; name = Base; path = Base.lproj/Main.storyboard; sourceTree = "<group>"; };
		7131265222676752001FE891 /* Assets.xcassets */ = {isa = PBXFileReference; lastKnownFileType = folder.assetcatalog; path = Assets.xcassets; sourceTree = "<group>"; };
		7131265522676752001FE891 /* Base */ = {isa = PBXFileReference; lastKnownFileType = file.storyboard; name = Base; path = Base.lproj/LaunchScreen.storyboard; sourceTree = "<group>"; };
		7131265722676752001FE891 /* Info.plist */ = {isa = PBXFileReference; lastKnownFileType = text.plist.xml; path = Info.plist; sourceTree = "<group>"; };
		7131265F226767DC001FE891 /* MergingOperation.swift */ = {isa = PBXFileReference; lastKnownFileType = sourcecode.swift; path = MergingOperation.swift; sourceTree = "<group>"; };
		714FDC5B2267855C001A3CBF /* MergeSort.swift */ = {isa = PBXFileReference; lastKnownFileType = sourcecode.swift; path = MergeSort.swift; sourceTree = "<group>"; };
/* End PBXFileReference section */

/* Begin PBXFrameworksBuildPhase section */
		7131264522676750001FE891 /* Frameworks */ = {
			isa = PBXFrameworksBuildPhase;
			buildActionMask = 2147483647;
			files = (
			);
			runOnlyForDeploymentPostprocessing = 0;
		};
/* End PBXFrameworksBuildPhase section */

/* Begin PBXGroup section */
		7131263F22676750001FE891 = {
			isa = PBXGroup;
			children = (
				7131264A22676750001FE891 /* AsyncMergeSorting */,
				7131264922676750001FE891 /* Products */,
			);
			sourceTree = "<group>";
		};
		7131264922676750001FE891 /* Products */ = {
			isa = PBXGroup;
			children = (
				7131264822676750001FE891 /* AsyncMergeSorting.app */,
			);
			name = Products;
			sourceTree = "<group>";
		};
		7131264A22676750001FE891 /* AsyncMergeSorting */ = {
			isa = PBXGroup;
			children = (
				7131264B22676750001FE891 /* AppDelegate.swift */,
				7131264D22676750001FE891 /* ViewController.swift */,
				714FDC5B2267855C001A3CBF /* MergeSort.swift */,
				7131265F226767DC001FE891 /* MergingOperation.swift */,
				1244FF01228F3E5F00A69988 /* Mesure.swift */,
				7131264F22676750001FE891 /* Main.storyboard */,
				7131265222676752001FE891 /* Assets.xcassets */,
				7131265422676752001FE891 /* LaunchScreen.storyboard */,
				7131265722676752001FE891 /* Info.plist */,
			);
			path = AsyncMergeSorting;
			sourceTree = "<group>";
		};
/* End PBXGroup section */

/* Begin PBXNativeTarget section */
		7131264722676750001FE891 /* AsyncMergeSorting */ = {
			isa = PBXNativeTarget;
			buildConfigurationList = 7131265A22676752001FE891 /* Build configuration list for PBXNativeTarget "AsyncMergeSorting" */;
			buildPhases = (
				7131264422676750001FE891 /* Sources */,
				7131264522676750001FE891 /* Frameworks */,
				7131264622676750001FE891 /* Resources */,
			);
			buildRules = (
			);
			dependencies = (
			);
			name = AsyncMergeSorting;
			productName = AsyncMergeSorting;
			productReference = 7131264822676750001FE891 /* AsyncMergeSorting.app */;
			productType = "com.apple.product-type.application";
		};
/* End PBXNativeTarget section */

/* Begin PBXProject section */
		7131264022676750001FE891 /* Project object */ = {
			isa = PBXProject;
			attributes = {
				LastSwiftUpdateCheck = 1020;
				LastUpgradeCheck = 1020;
				ORGANIZATIONNAME = "Vladyslav Yerofieiev";
				TargetAttributes = {
					7131264722676750001FE891 = {
						CreatedOnToolsVersion = 10.2;
					};
				};
			};
			buildConfigurationList = 7131264322676750001FE891 /* Build configuration list for PBXProject "AsyncMergeSorting" */;
			compatibilityVersion = "Xcode 9.3";
			developmentRegion = en;
			hasScannedForEncodings = 0;
			knownRegions = (
				en,
				Base,
			);
			mainGroup = 7131263F22676750001FE891;
			productRefGroup = 7131264922676750001FE891 /* Products */;
			projectDirPath = "";
			projectRoot = "";
			targets = (
				7131264722676750001FE891 /* AsyncMergeSorting */,
			);
		};
/* End PBXProject section */

/* Begin PBXResourcesBuildPhase section */
		7131264622676750001FE891 /* Resources */ = {
			isa = PBXResourcesBuildPhase;
			buildActionMask = 2147483647;
			files = (
				7131265622676752001FE891 /* LaunchScreen.storyboard in Resources */,
				7131265322676752001FE891 /* Assets.xcassets in Resources */,
				7131265122676750001FE891 /* Main.storyboard in Resources */,
			);
			runOnlyForDeploymentPostprocessing = 0;
		};
/* End PBXResourcesBuildPhase section */

/* Begin PBXSourcesBuildPhase section */
		7131264422676750001FE891 /* Sources */ = {
			isa = PBXSourcesBuildPhase;
			buildActionMask = 2147483647;
			files = (
				7131264E22676750001FE891 /* ViewController.swift in Sources */,
				1244FF02228F3E5F00A69988 /* Mesure.swift in Sources */,
				7131264C22676750001FE891 /* AppDelegate.swift in Sources */,
				714FDC5C2267855C001A3CBF /* MergeSort.swift in Sources */,
				719E8D88228EFBB200702685 /* MergingOperation.swift in Sources */,
			);
			runOnlyForDeploymentPostprocessing = 0;
		};
/* End PBXSourcesBuildPhase section */

/* Begin PBXVariantGroup section */
		7131264F22676750001FE891 /* Main.storyboard */ = {
			isa = PBXVariantGroup;
			children = (
				7131265022676750001FE891 /* Base */,
			);
			name = Main.storyboard;
			sourceTree = "<group>";
		};
		7131265422676752001FE891 /* LaunchScreen.storyboard */ = {
			isa = PBXVariantGroup;
			children = (
				7131265522676752001FE891 /* Base */,
			);
			name = LaunchScreen.storyboard;
			sourceTree = "<group>";
		};
/* End PBXVariantGroup section */

/* Begin XCBuildConfiguration section */
		7131265822676752001FE891 /* Debug */ = {
			isa = XCBuildConfiguration;
			buildSettings = {
				ALWAYS_SEARCH_USER_PATHS = NO;
				CLANG_ANALYZER_NONNULL = YES;
				CLANG_ANALYZER_NUMBER_OBJECT_CONVERSION = YES_AGGRESSIVE;
				CLANG_CXX_LANGUAGE_STANDARD = "gnu++14";
				CLANG_CXX_LIBRARY = "libc++";
				CLANG_ENABLE_MODULES = YES;
				CLANG_ENABLE_OBJC_ARC = YES;
				CLANG_ENABLE_OBJC_WEAK = YES;
				CLANG_WARN_BLOCK_CAPTURE_AUTORELEASING = YES;
				CLANG_WARN_BOOL_CONVERSION = YES;
				CLANG_WARN_COMMA = YES;
				CLANG_WARN_CONSTANT_CONVERSION = YES;
				CLANG_WARN_DEPRECATED_OBJC_IMPLEMENTATIONS = YES;
				CLANG_WARN_DIRECT_OBJC_ISA_USAGE = YES_ERROR;
				CLANG_WARN_DOCUMENTATION_COMMENTS = YES;
				CLANG_WARN_EMPTY_BODY = YES;
				CLANG_WARN_ENUM_CONVERSION = YES;
				CLANG_WARN_INFINITE_RECURSION = YES;
				CLANG_WARN_INT_CONVERSION = YES;
				CLANG_WARN_NON_LITERAL_NULL_CONVERSION = YES;
				CLANG_WARN_OBJC_IMPLICIT_RETAIN_SELF = YES;
				CLANG_WARN_OBJC_LITERAL_CONVERSION = YES;
				CLANG_WARN_OBJC_ROOT_CLASS = YES_ERROR;
				CLANG_WARN_RANGE_LOOP_ANALYSIS = YES;
				CLANG_WARN_STRICT_PROTOTYPES = YES;
				CLANG_WARN_SUSPICIOUS_MOVE = YES;
				CLANG_WARN_UNGUARDED_AVAILABILITY = YES_AGGRESSIVE;
				CLANG_WARN_UNREACHABLE_CODE = YES;
				CLANG_WARN__DUPLICATE_METHOD_MATCH = YES;
				CODE_SIGN_IDENTITY = "iPhone Developer";
				COPY_PHASE_STRIP = NO;
				DEBUG_INFORMATION_FORMAT = dwarf;
				ENABLE_STRICT_OBJC_MSGSEND = YES;
				ENABLE_TESTABILITY = YES;
				GCC_C_LANGUAGE_STANDARD = gnu11;
				GCC_DYNAMIC_NO_PIC = NO;
				GCC_NO_COMMON_BLOCKS = YES;
				GCC_OPTIMIZATION_LEVEL = 0;
				GCC_PREPROCESSOR_DEFINITIONS = (
					"DEBUG=1",
					"$(inherited)",
				);
				GCC_WARN_64_TO_32_BIT_CONVERSION = YES;
				GCC_WARN_ABOUT_RETURN_TYPE = YES_ERROR;
				GCC_WARN_UNDECLARED_SELECTOR = YES;
				GCC_WARN_UNINITIALIZED_AUTOS = YES_AGGRESSIVE;
				GCC_WARN_UNUSED_FUNCTION = YES;
				GCC_WARN_UNUSED_VARIABLE = YES;
				IPHONEOS_DEPLOYMENT_TARGET = 12.2;
				MTL_ENABLE_DEBUG_INFO = INCLUDE_SOURCE;
				MTL_FAST_MATH = YES;
				ONLY_ACTIVE_ARCH = YES;
				SDKROOT = iphoneos;
				SWIFT_ACTIVE_COMPILATION_CONDITIONS = DEBUG;
				SWIFT_OPTIMIZATION_LEVEL = "-Onone";
			};
			name = Debug;
		};
		7131265922676752001FE891 /* Release */ = {
			isa = XCBuildConfiguration;
			buildSettings = {
				ALWAYS_SEARCH_USER_PATHS = NO;
				CLANG_ANALYZER_NONNULL = YES;
				CLANG_ANALYZER_NUMBER_OBJECT_CONVERSION = YES_AGGRESSIVE;
				CLANG_CXX_LANGUAGE_STANDARD = "gnu++14";
				CLANG_CXX_LIBRARY = "libc++";
				CLANG_ENABLE_MODULES = YES;
				CLANG_ENABLE_OBJC_ARC = YES;
				CLANG_ENABLE_OBJC_WEAK = YES;
				CLANG_WARN_BLOCK_CAPTURE_AUTORELEASING = YES;
				CLANG_WARN_BOOL_CONVERSION = YES;
				CLANG_WARN_COMMA = YES;
				CLANG_WARN_CONSTANT_CONVERSION = YES;
				CLANG_WARN_DEPRECATED_OBJC_IMPLEMENTATIONS = YES;
				CLANG_WARN_DIRECT_OBJC_ISA_USAGE = YES_ERROR;
				CLANG_WARN_DOCUMENTATION_COMMENTS = YES;
				CLANG_WARN_EMPTY_BODY = YES;
				CLANG_WARN_ENUM_CONVERSION = YES;
				CLANG_WARN_INFINITE_RECURSION = YES;
				CLANG_WARN_INT_CONVERSION = YES;
				CLANG_WARN_NON_LITERAL_NULL_CONVERSION = YES;
				CLANG_WARN_OBJC_IMPLICIT_RETAIN_SELF = YES;
				CLANG_WARN_OBJC_LITERAL_CONVERSION = YES;
				CLANG_WARN_OBJC_ROOT_CLASS = YES_ERROR;
				CLANG_WARN_RANGE_LOOP_ANALYSIS = YES;
				CLANG_WARN_STRICT_PROTOTYPES = YES;
				CLANG_WARN_SUSPICIOUS_MOVE = YES;
				CLANG_WARN_UNGUARDED_AVAILABILITY = YES_AGGRESSIVE;
				CLANG_WARN_UNREACHABLE_CODE = YES;
				CLANG_WARN__DUPLICATE_METHOD_MATCH = YES;
				CODE_SIGN_IDENTITY = "iPhone Developer";
				COPY_PHASE_STRIP = NO;
				DEBUG_INFORMATION_FORMAT = "dwarf-with-dsym";
				ENABLE_NS_ASSERTIONS = NO;
				ENABLE_STRICT_OBJC_MSGSEND = YES;
				GCC_C_LANGUAGE_STANDARD = gnu11;
				GCC_NO_COMMON_BLOCKS = YES;
				GCC_WARN_64_TO_32_BIT_CONVERSION = YES;
				GCC_WARN_ABOUT_RETURN_TYPE = YES_ERROR;
				GCC_WARN_UNDECLARED_SELECTOR = YES;
				GCC_WARN_UNINITIALIZED_AUTOS = YES_AGGRESSIVE;
				GCC_WARN_UNUSED_FUNCTION = YES;
				GCC_WARN_UNUSED_VARIABLE = YES;
				IPHONEOS_DEPLOYMENT_TARGET = 12.2;
				MTL_ENABLE_DEBUG_INFO = NO;
				MTL_FAST_MATH = YES;
				SDKROOT = iphoneos;
				SWIFT_COMPILATION_MODE = wholemodule;
				SWIFT_OPTIMIZATION_LEVEL = "-O";
				VALIDATE_PRODUCT = YES;
			};
			name = Release;
		};
		7131265B22676752001FE891 /* Debug */ = {
			isa = XCBuildConfiguration;
			buildSettings = {
				ASSETCATALOG_COMPILER_APPICON_NAME = AppIcon;
				CODE_SIGN_STYLE = Automatic;
				DEVELOPMENT_TEAM = GBF6J465YK;
				INFOPLIST_FILE = AsyncMergeSorting/Info.plist;
				LD_RUNPATH_SEARCH_PATHS = (
					"$(inherited)",
					"@executable_path/Frameworks",
				);
				PRODUCT_BUNDLE_IDENTIFIER = com.moraygames.AsyncMergeSorting;
				PRODUCT_NAME = "$(TARGET_NAME)";
				SWIFT_VERSION = 5.0;
				TARGETED_DEVICE_FAMILY = "1,2";
			};
			name = Debug;
		};
		7131265C22676752001FE891 /* Release */ = {
			isa = XCBuildConfiguration;
			buildSettings = {
				ASSETCATALOG_COMPILER_APPICON_NAME = AppIcon;
				CODE_SIGN_STYLE = Automatic;
				DEVELOPMENT_TEAM = GBF6J465YK;
				INFOPLIST_FILE = AsyncMergeSorting/Info.plist;
				LD_RUNPATH_SEARCH_PATHS = (
					"$(inherited)",
					"@executable_path/Frameworks",
				);
				PRODUCT_BUNDLE_IDENTIFIER = com.moraygames.AsyncMergeSorting;
				PRODUCT_NAME = "$(TARGET_NAME)";
				SWIFT_VERSION = 5.0;
				TARGETED_DEVICE_FAMILY = "1,2";
			};
			name = Release;
		};
/* End XCBuildConfiguration section */

/* Begin XCConfigurationList section */
		7131264322676750001FE891 /* Build configuration list for PBXProject "AsyncMergeSorting" */ = {
			isa = XCConfigurationList;
			buildConfigurations = (
				7131265822676752001FE891 /* Debug */,
				7131265922676752001FE891 /* Release */,
			);
			defaultConfigurationIsVisible = 0;
			defaultConfigurationName = Release;
		};
		7131265A22676752001FE891 /* Build configuration list for PBXNativeTarget "AsyncMergeSorting" */ = {
			isa = XCConfigurationList;
			buildConfigurations = (
				7131265B22676752001FE891 /* Debug */,
				7131265C22676752001FE891 /* Release */,
			);
			defaultConfigurationIsVisible = 0;
			defaultConfigurationName = Release;
		};
/* End XCConfigurationList section */
	};
	rootObject = 7131264022676750001FE891 /* Project object */;
}
