// !$*UTF8*$!
{
	archiveVersion = 1;
	classes = {
	};
	objectVersion = 50;
	objects = {

/* Begin PBXBuildFile section */
		12B6862821712914001ED25E /* PredefinedValues.json in Resources */ = {isa = PBXBuildFile; fileRef = 12B6862721712914001ED25E /* PredefinedValues.json */; };
		12B6862A21712E98001ED25E /* PredefinedValues.swift in Sources */ = {isa = PBXBuildFile; fileRef = 12B6862921712E98001ED25E /* PredefinedValues.swift */; };
		7127232A21709A0F006DDB34 /* AppDelegate.swift in Sources */ = {isa = PBXBuildFile; fileRef = 7127232921709A0F006DDB34 /* AppDelegate.swift */; };
		7127232C21709A0F006DDB34 /* ViewController.swift in Sources */ = {isa = PBXBuildFile; fileRef = 7127232B21709A0F006DDB34 /* ViewController.swift */; };
		7127232F21709A0F006DDB34 /* Main.storyboard in Resources */ = {isa = PBXBuildFile; fileRef = 7127232D21709A0F006DDB34 /* Main.storyboard */; };
		7127233121709A11006DDB34 /* Assets.xcassets in Resources */ = {isa = PBXBuildFile; fileRef = 7127233021709A11006DDB34 /* Assets.xcassets */; };
		7127233421709A11006DDB34 /* LaunchScreen.storyboard in Resources */ = {isa = PBXBuildFile; fileRef = 7127233221709A11006DDB34 /* LaunchScreen.storyboard */; };
		7127233C2170A32E006DDB34 /* ExpertAppraisalModel.swift in Sources */ = {isa = PBXBuildFile; fileRef = 7127233B2170A32E006DDB34 /* ExpertAppraisalModel.swift */; };
		7127233F2170C3A3006DDB34 /* ExpertGroupModel.swift in Sources */ = {isa = PBXBuildFile; fileRef = 7127233E2170C3A3006DDB34 /* ExpertGroupModel.swift */; };
		71A087192189FC6900BED425 /* Calculations.swift in Sources */ = {isa = PBXBuildFile; fileRef = 71A087182189FC6900BED425 /* Calculations.swift */; };
		71A0871B2189FCEC00BED425 /* ExpertWeight.swift in Sources */ = {isa = PBXBuildFile; fileRef = 71A0871A2189FCEC00BED425 /* ExpertWeight.swift */; };
		71A0871D218B3F6D00BED425 /* Triangle.swift in Sources */ = {isa = PBXBuildFile; fileRef = 71A0871C218B3F6D00BED425 /* Triangle.swift */; };
		71A0871F218B4A7A00BED425 /* WebDiagrammView.swift in Sources */ = {isa = PBXBuildFile; fileRef = 71A0871E218B4A7A00BED425 /* WebDiagrammView.swift */; };
/* End PBXBuildFile section */

/* Begin PBXFileReference section */
		12B6862721712914001ED25E /* PredefinedValues.json */ = {isa = PBXFileReference; lastKnownFileType = text.json; path = PredefinedValues.json; sourceTree = "<group>"; };
		12B6862921712E98001ED25E /* PredefinedValues.swift */ = {isa = PBXFileReference; lastKnownFileType = sourcecode.swift; path = PredefinedValues.swift; sourceTree = "<group>"; };
		7127232621709A0F006DDB34 /* Expert Assessment.app */ = {isa = PBXFileReference; explicitFileType = wrapper.application; includeInIndex = 0; path = "Expert Assessment.app"; sourceTree = BUILT_PRODUCTS_DIR; };
		7127232921709A0F006DDB34 /* AppDelegate.swift */ = {isa = PBXFileReference; lastKnownFileType = sourcecode.swift; path = AppDelegate.swift; sourceTree = "<group>"; };
		7127232B21709A0F006DDB34 /* ViewController.swift */ = {isa = PBXFileReference; lastKnownFileType = sourcecode.swift; path = ViewController.swift; sourceTree = "<group>"; };
		7127232E21709A0F006DDB34 /* Base */ = {isa = PBXFileReference; lastKnownFileType = file.storyboard; name = Base; path = Base.lproj/Main.storyboard; sourceTree = "<group>"; };
		7127233021709A11006DDB34 /* Assets.xcassets */ = {isa = PBXFileReference; lastKnownFileType = folder.assetcatalog; path = Assets.xcassets; sourceTree = "<group>"; };
		7127233321709A11006DDB34 /* Base */ = {isa = PBXFileReference; lastKnownFileType = file.storyboard; name = Base; path = Base.lproj/LaunchScreen.storyboard; sourceTree = "<group>"; };
		7127233521709A11006DDB34 /* Info.plist */ = {isa = PBXFileReference; lastKnownFileType = text.plist.xml; path = Info.plist; sourceTree = "<group>"; };
		7127233B2170A32E006DDB34 /* ExpertAppraisalModel.swift */ = {isa = PBXFileReference; lastKnownFileType = sourcecode.swift; path = ExpertAppraisalModel.swift; sourceTree = "<group>"; };
		7127233E2170C3A3006DDB34 /* ExpertGroupModel.swift */ = {isa = PBXFileReference; lastKnownFileType = sourcecode.swift; path = ExpertGroupModel.swift; sourceTree = "<group>"; };
		71A087182189FC6900BED425 /* Calculations.swift */ = {isa = PBXFileReference; lastKnownFileType = sourcecode.swift; path = Calculations.swift; sourceTree = "<group>"; };
		71A0871A2189FCEC00BED425 /* ExpertWeight.swift */ = {isa = PBXFileReference; lastKnownFileType = sourcecode.swift; path = ExpertWeight.swift; sourceTree = "<group>"; };
		71A0871C218B3F6D00BED425 /* Triangle.swift */ = {isa = PBXFileReference; lastKnownFileType = sourcecode.swift; path = Triangle.swift; sourceTree = "<group>"; };
		71A0871E218B4A7A00BED425 /* WebDiagrammView.swift */ = {isa = PBXFileReference; lastKnownFileType = sourcecode.swift; path = WebDiagrammView.swift; sourceTree = "<group>"; };
/* End PBXFileReference section */

/* Begin PBXFrameworksBuildPhase section */
		7127232321709A0F006DDB34 /* Frameworks */ = {
			isa = PBXFrameworksBuildPhase;
			buildActionMask = 2147483647;
			files = (
			);
			runOnlyForDeploymentPostprocessing = 0;
		};
/* End PBXFrameworksBuildPhase section */

/* Begin PBXGroup section */
		7127231D21709A0F006DDB34 = {
			isa = PBXGroup;
			children = (
				7127232821709A0F006DDB34 /* Expert Assessment */,
				7127232721709A0F006DDB34 /* Products */,
			);
			sourceTree = "<group>";
		};
		7127232721709A0F006DDB34 /* Products */ = {
			isa = PBXGroup;
			children = (
				7127232621709A0F006DDB34 /* Expert Assessment.app */,
			);
			name = Products;
			sourceTree = "<group>";
		};
		7127232821709A0F006DDB34 /* Expert Assessment */ = {
			isa = PBXGroup;
			children = (
				7127232921709A0F006DDB34 /* AppDelegate.swift */,
				7127232B21709A0F006DDB34 /* ViewController.swift */,
				71A0871E218B4A7A00BED425 /* WebDiagrammView.swift */,
				12B6862721712914001ED25E /* PredefinedValues.json */,
				71A087182189FC6900BED425 /* Calculations.swift */,
				7127233D2170C2B2006DDB34 /* Models */,
				7127232D21709A0F006DDB34 /* Main.storyboard */,
				7127233021709A11006DDB34 /* Assets.xcassets */,
				7127233221709A11006DDB34 /* LaunchScreen.storyboard */,
				7127233521709A11006DDB34 /* Info.plist */,
			);
			path = "Expert Assessment";
			sourceTree = "<group>";
		};
		7127233D2170C2B2006DDB34 /* Models */ = {
			isa = PBXGroup;
			children = (
				7127233B2170A32E006DDB34 /* ExpertAppraisalModel.swift */,
				71A0871C218B3F6D00BED425 /* Triangle.swift */,
				71A0871A2189FCEC00BED425 /* ExpertWeight.swift */,
				7127233E2170C3A3006DDB34 /* ExpertGroupModel.swift */,
				12B6862921712E98001ED25E /* PredefinedValues.swift */,
			);
			path = Models;
			sourceTree = "<group>";
		};
/* End PBXGroup section */

/* Begin PBXNativeTarget section */
		7127232521709A0F006DDB34 /* Expert Assessment */ = {
			isa = PBXNativeTarget;
			buildConfigurationList = 7127233821709A11006DDB34 /* Build configuration list for PBXNativeTarget "Expert Assessment" */;
			buildPhases = (
				7127232221709A0F006DDB34 /* Sources */,
				7127232321709A0F006DDB34 /* Frameworks */,
				7127232421709A0F006DDB34 /* Resources */,
			);
			buildRules = (
			);
			dependencies = (
			);
			name = "Expert Assessment";
			productName = "Expert Assessment";
			productReference = 7127232621709A0F006DDB34 /* Expert Assessment.app */;
			productType = "com.apple.product-type.application";
		};
/* End PBXNativeTarget section */

/* Begin PBXProject section */
		7127231E21709A0F006DDB34 /* Project object */ = {
			isa = PBXProject;
			attributes = {
				LastSwiftUpdateCheck = 1000;
				LastUpgradeCheck = 1000;
				ORGANIZATIONNAME = "Vladyslav Yerofieiev";
				TargetAttributes = {
					7127232521709A0F006DDB34 = {
						CreatedOnToolsVersion = 10.0;
					};
				};
			};
			buildConfigurationList = 7127232121709A0F006DDB34 /* Build configuration list for PBXProject "Expert Assessment" */;
			compatibilityVersion = "Xcode 9.3";
			developmentRegion = en;
			hasScannedForEncodings = 0;
			knownRegions = (
				en,
				Base,
			);
			mainGroup = 7127231D21709A0F006DDB34;
			productRefGroup = 7127232721709A0F006DDB34 /* Products */;
			projectDirPath = "";
			projectRoot = "";
			targets = (
				7127232521709A0F006DDB34 /* Expert Assessment */,
			);
		};
/* End PBXProject section */

/* Begin PBXResourcesBuildPhase section */
		7127232421709A0F006DDB34 /* Resources */ = {
			isa = PBXResourcesBuildPhase;
			buildActionMask = 2147483647;
			files = (
				12B6862821712914001ED25E /* PredefinedValues.json in Resources */,
				7127233421709A11006DDB34 /* LaunchScreen.storyboard in Resources */,
				7127233121709A11006DDB34 /* Assets.xcassets in Resources */,
				7127232F21709A0F006DDB34 /* Main.storyboard in Resources */,
			);
			runOnlyForDeploymentPostprocessing = 0;
		};
/* End PBXResourcesBuildPhase section */

/* Begin PBXSourcesBuildPhase section */
		7127232221709A0F006DDB34 /* Sources */ = {
			isa = PBXSourcesBuildPhase;
			buildActionMask = 2147483647;
			files = (
				7127233C2170A32E006DDB34 /* ExpertAppraisalModel.swift in Sources */,
				71A087192189FC6900BED425 /* Calculations.swift in Sources */,
				7127232C21709A0F006DDB34 /* ViewController.swift in Sources */,
				7127232A21709A0F006DDB34 /* AppDelegate.swift in Sources */,
				12B6862A21712E98001ED25E /* PredefinedValues.swift in Sources */,
				71A0871B2189FCEC00BED425 /* ExpertWeight.swift in Sources */,
				7127233F2170C3A3006DDB34 /* ExpertGroupModel.swift in Sources */,
				71A0871F218B4A7A00BED425 /* WebDiagrammView.swift in Sources */,
				71A0871D218B3F6D00BED425 /* Triangle.swift in Sources */,
			);
			runOnlyForDeploymentPostprocessing = 0;
		};
/* End PBXSourcesBuildPhase section */

/* Begin PBXVariantGroup section */
		7127232D21709A0F006DDB34 /* Main.storyboard */ = {
			isa = PBXVariantGroup;
			children = (
				7127232E21709A0F006DDB34 /* Base */,
			);
			name = Main.storyboard;
			sourceTree = "<group>";
		};
		7127233221709A11006DDB34 /* LaunchScreen.storyboard */ = {
			isa = PBXVariantGroup;
			children = (
				7127233321709A11006DDB34 /* Base */,
			);
			name = LaunchScreen.storyboard;
			sourceTree = "<group>";
		};
/* End PBXVariantGroup section */

/* Begin XCBuildConfiguration section */
		7127233621709A11006DDB34 /* Debug */ = {
			isa = XCBuildConfiguration;
			buildSettings = {
				ALWAYS_SEARCH_USER_PATHS = NO;
				CLANG_ANALYZER_NONNULL = YES;
				CLANG_ANALYZER_NUMBER_OBJECT_CONVERSION = YES_AGGRESSIVE;
				CLANG_CXX_LANGUAGE_STANDARD = "gnu++14";
				CLANG_CXX_LIBRARY = "libc++";
				CLANG_ENABLE_MODULES = YES;
				CLANG_ENABLE_OBJC_ARC = YES;
				CLANG_ENABLE_OBJC_WEAK = YES;
				CLANG_WARN_BLOCK_CAPTURE_AUTORELEASING = YES;
				CLANG_WARN_BOOL_CONVERSION = YES;
				CLANG_WARN_COMMA = YES;
				CLANG_WARN_CONSTANT_CONVERSION = YES;
				CLANG_WARN_DEPRECATED_OBJC_IMPLEMENTATIONS = YES;
				CLANG_WARN_DIRECT_OBJC_ISA_USAGE = YES_ERROR;
				CLANG_WARN_DOCUMENTATION_COMMENTS = YES;
				CLANG_WARN_EMPTY_BODY = YES;
				CLANG_WARN_ENUM_CONVERSION = YES;
				CLANG_WARN_INFINITE_RECURSION = YES;
				CLANG_WARN_INT_CONVERSION = YES;
				CLANG_WARN_NON_LITERAL_NULL_CONVERSION = YES;
				CLANG_WARN_OBJC_IMPLICIT_RETAIN_SELF = YES;
				CLANG_WARN_OBJC_LITERAL_CONVERSION = YES;
				CLANG_WARN_OBJC_ROOT_CLASS = YES_ERROR;
				CLANG_WARN_RANGE_LOOP_ANALYSIS = YES;
				CLANG_WARN_STRICT_PROTOTYPES = YES;
				CLANG_WARN_SUSPICIOUS_MOVE = YES;
				CLANG_WARN_UNGUARDED_AVAILABILITY = YES_AGGRESSIVE;
				CLANG_WARN_UNREACHABLE_CODE = YES;
				CLANG_WARN__DUPLICATE_METHOD_MATCH = YES;
				CODE_SIGN_IDENTITY = "iPhone Developer";
				COPY_PHASE_STRIP = NO;
				DEBUG_INFORMATION_FORMAT = dwarf;
				ENABLE_STRICT_OBJC_MSGSEND = YES;
				ENABLE_TESTABILITY = YES;
				GCC_C_LANGUAGE_STANDARD = gnu11;
				GCC_DYNAMIC_NO_PIC = NO;
				GCC_NO_COMMON_BLOCKS = YES;
				GCC_OPTIMIZATION_LEVEL = 0;
				GCC_PREPROCESSOR_DEFINITIONS = (
					"DEBUG=1",
					"$(inherited)",
				);
				GCC_WARN_64_TO_32_BIT_CONVERSION = YES;
				GCC_WARN_ABOUT_RETURN_TYPE = YES_ERROR;
				GCC_WARN_UNDECLARED_SELECTOR = YES;
				GCC_WARN_UNINITIALIZED_AUTOS = YES_AGGRESSIVE;
				GCC_WARN_UNUSED_FUNCTION = YES;
				GCC_WARN_UNUSED_VARIABLE = YES;
				IPHONEOS_DEPLOYMENT_TARGET = 12.0;
				MTL_ENABLE_DEBUG_INFO = INCLUDE_SOURCE;
				MTL_FAST_MATH = YES;
				ONLY_ACTIVE_ARCH = YES;
				SDKROOT = iphoneos;
				SWIFT_ACTIVE_COMPILATION_CONDITIONS = DEBUG;
				SWIFT_OPTIMIZATION_LEVEL = "-Onone";
			};
			name = Debug;
		};
		7127233721709A11006DDB34 /* Release */ = {
			isa = XCBuildConfiguration;
			buildSettings = {
				ALWAYS_SEARCH_USER_PATHS = NO;
				CLANG_ANALYZER_NONNULL = YES;
				CLANG_ANALYZER_NUMBER_OBJECT_CONVERSION = YES_AGGRESSIVE;
				CLANG_CXX_LANGUAGE_STANDARD = "gnu++14";
				CLANG_CXX_LIBRARY = "libc++";
				CLANG_ENABLE_MODULES = YES;
				CLANG_ENABLE_OBJC_ARC = YES;
				CLANG_ENABLE_OBJC_WEAK = YES;
				CLANG_WARN_BLOCK_CAPTURE_AUTORELEASING = YES;
				CLANG_WARN_BOOL_CONVERSION = YES;
				CLANG_WARN_COMMA = YES;
				CLANG_WARN_CONSTANT_CONVERSION = YES;
				CLANG_WARN_DEPRECATED_OBJC_IMPLEMENTATIONS = YES;
				CLANG_WARN_DIRECT_OBJC_ISA_USAGE = YES_ERROR;
				CLANG_WARN_DOCUMENTATION_COMMENTS = YES;
				CLANG_WARN_EMPTY_BODY = YES;
				CLANG_WARN_ENUM_CONVERSION = YES;
				CLANG_WARN_INFINITE_RECURSION = YES;
				CLANG_WARN_INT_CONVERSION = YES;
				CLANG_WARN_NON_LITERAL_NULL_CONVERSION = YES;
				CLANG_WARN_OBJC_IMPLICIT_RETAIN_SELF = YES;
				CLANG_WARN_OBJC_LITERAL_CONVERSION = YES;
				CLANG_WARN_OBJC_ROOT_CLASS = YES_ERROR;
				CLANG_WARN_RANGE_LOOP_ANALYSIS = YES;
				CLANG_WARN_STRICT_PROTOTYPES = YES;
				CLANG_WARN_SUSPICIOUS_MOVE = YES;
				CLANG_WARN_UNGUARDED_AVAILABILITY = YES_AGGRESSIVE;
				CLANG_WARN_UNREACHABLE_CODE = YES;
				CLANG_WARN__DUPLICATE_METHOD_MATCH = YES;
				CODE_SIGN_IDENTITY = "iPhone Developer";
				COPY_PHASE_STRIP = NO;
				DEBUG_INFORMATION_FORMAT = "dwarf-with-dsym";
				ENABLE_NS_ASSERTIONS = NO;
				ENABLE_STRICT_OBJC_MSGSEND = YES;
				GCC_C_LANGUAGE_STANDARD = gnu11;
				GCC_NO_COMMON_BLOCKS = YES;
				GCC_WARN_64_TO_32_BIT_CONVERSION = YES;
				GCC_WARN_ABOUT_RETURN_TYPE = YES_ERROR;
				GCC_WARN_UNDECLARED_SELECTOR = YES;
				GCC_WARN_UNINITIALIZED_AUTOS = YES_AGGRESSIVE;
				GCC_WARN_UNUSED_FUNCTION = YES;
				GCC_WARN_UNUSED_VARIABLE = YES;
				IPHONEOS_DEPLOYMENT_TARGET = 12.0;
				MTL_ENABLE_DEBUG_INFO = NO;
				MTL_FAST_MATH = YES;
				SDKROOT = iphoneos;
				SWIFT_COMPILATION_MODE = wholemodule;
				SWIFT_OPTIMIZATION_LEVEL = "-O";
				VALIDATE_PRODUCT = YES;
			};
			name = Release;
		};
		7127233921709A11006DDB34 /* Debug */ = {
			isa = XCBuildConfiguration;
			buildSettings = {
				ASSETCATALOG_COMPILER_APPICON_NAME = AppIcon;
				CODE_SIGN_STYLE = Automatic;
				DEVELOPMENT_TEAM = GBF6J465YK;
				INFOPLIST_FILE = "Expert Assessment/Info.plist";
				LD_RUNPATH_SEARCH_PATHS = (
					"$(inherited)",
					"@executable_path/Frameworks",
				);
				PRODUCT_BUNDLE_IDENTIFIER = "com.moraygames.Expert-Assessment";
				PRODUCT_NAME = "$(TARGET_NAME)";
				SWIFT_VERSION = 4.2;
				TARGETED_DEVICE_FAMILY = "1,2";
			};
			name = Debug;
		};
		7127233A21709A11006DDB34 /* Release */ = {
			isa = XCBuildConfiguration;
			buildSettings = {
				ASSETCATALOG_COMPILER_APPICON_NAME = AppIcon;
				CODE_SIGN_STYLE = Automatic;
				DEVELOPMENT_TEAM = GBF6J465YK;
				INFOPLIST_FILE = "Expert Assessment/Info.plist";
				LD_RUNPATH_SEARCH_PATHS = (
					"$(inherited)",
					"@executable_path/Frameworks",
				);
				PRODUCT_BUNDLE_IDENTIFIER = "com.moraygames.Expert-Assessment";
				PRODUCT_NAME = "$(TARGET_NAME)";
				SWIFT_VERSION = 4.2;
				TARGETED_DEVICE_FAMILY = "1,2";
			};
			name = Release;
		};
/* End XCBuildConfiguration section */

/* Begin XCConfigurationList section */
		7127232121709A0F006DDB34 /* Build configuration list for PBXProject "Expert Assessment" */ = {
			isa = XCConfigurationList;
			buildConfigurations = (
				7127233621709A11006DDB34 /* Debug */,
				7127233721709A11006DDB34 /* Release */,
			);
			defaultConfigurationIsVisible = 0;
			defaultConfigurationName = Release;
		};
		7127233821709A11006DDB34 /* Build configuration list for PBXNativeTarget "Expert Assessment" */ = {
			isa = XCConfigurationList;
			buildConfigurations = (
				7127233921709A11006DDB34 /* Debug */,
				7127233A21709A11006DDB34 /* Release */,
			);
			defaultConfigurationIsVisible = 0;
			defaultConfigurationName = Release;
		};
/* End XCConfigurationList section */
	};
	rootObject = 7127231E21709A0F006DDB34 /* Project object */;
}
